PATH
  remote: ../low_event
  specs:
    low_event (0.8.0)
      low_type (~> 1.0)
      observers
      protocol-http
      providers

PATH
  remote: ../low_type
  specs:
    low_type (1.3.2)
      expressions (~> 0.1)
      lowkey (~> 0.4)

PATH
  remote: ../observers
  specs:
    observers (0.9.0)

PATH
  remote: .
  specs:
    low_loop (0.8.0)
      async
      async-http
      io-stream
      low_event
      low_type (~> 1.0)
      paint
      protocol-http
      protocol-url

GEM
  remote: https://gem.coop/
  specs:
    ast (2.4.3)
    async (2.45.1)
      console (~> 1.29)
      fiber-annotation
      io-event (~> 1.21)
    async-http (0.103.0)
      async (>= 2.35.1)
      async-pool (~> 0.12)
      io-endpoint (~> 0.18)
      io-stream (~> 0.14)
      protocol-http (~> 0.66)
      protocol-http1 (~> 0.41)
      protocol-http2 (~> 0.28)
      protocol-url (~> 0.2)
    async-pool (0.12.0)
      async (>= 2.0)
    benchmark (0.5.0)
    coderay (1.1.3)
    console (1.37.0)
      fiber-annotation
      fiber-local (~> 1.1)
      json
    diff-lcs (1.6.2)
    expressions (0.1.0)
    fiber-annotation (0.2.0)
    fiber-local (1.1.0)
      fiber-storage
    fiber-storage (1.0.1)
    io-endpoint (0.18.0)
      openssl (>= 3.3.0)
    io-event (1.21.1)
    io-stream (0.14.0)
      openssl (>= 3.3)
    json (3.0.1)
    language_server-protocol (3.17.0.6)
    lint_roller (1.1.0)
    lowkey (0.4.3)
      prism
    method_source (1.1.0)
    openssl (4.0.2)
    ostruct (0.6.3)
    paint (2.3.0)
    parallel (2.2.0)
    parser (3.3.12.0)
      ast (~> 2.4.1)
      racc
    prism (1.9.0)
    protocol-hpack (1.5.1)
    protocol-http (0.71.0)
    protocol-http1 (0.41.0)
      protocol-http (~> 0.68)
    protocol-http2 (0.28.0)
      protocol-hpack (~> 1.4)
      protocol-http (~> 0.62)
    protocol-url (0.19.0)
    providers (0.6.2)
      expressions (~> 0.1)
    pry (0.14.2)
      coderay (~> 1.1)
      method_source (~> 1.0)
    pry-nav (1.0.0)
      pry (>= 0.9.10, < 0.15)
    racc (1.8.1)
    rack (3.2.7)
    rack-test (2.2.0)
      rack (>= 1.3)
    rainbow (3.1.1)
    rake (13.4.2)
    regexp_parser (2.12.0)
    rspec (3.13.2)
      rspec-core (~> 3.13.0)
      rspec-expectations (~> 3.13.0)
      rspec-mocks (~> 3.13.0)
    rspec-core (3.13.6)
      rspec-support (~> 3.13.0)
    rspec-expectations (3.13.5)
      diff-lcs (>= 1.2.0, < 2.0)
      rspec-support (~> 3.13.0)
    rspec-mocks (3.13.8)
      diff-lcs (>= 1.2.0, < 2.0)
      rspec-support (~> 3.13.0)
    rspec-support (3.13.7)
    rubocop (1.90.0)
      json (>= 2.3)
      language_server-protocol (~> 3.17.0.2)
      lint_roller (~> 1.1.0)
      parallel (>= 1.10)
      parser (>= 3.3.0.2)
      rainbow (>= 2.2.2, < 4.0)
      regexp_parser (>= 2.9.3, < 3.0)
      rubocop-ast (>= 1.49.0, < 2.0)
      ruby-progressbar (~> 1.7)
      unicode-display_width (>= 2.4.0, < 4.0)
    rubocop-ast (1.50.0)
      parser (>= 3.3.7.2)
      prism (~> 1.7)
    ruby-progressbar (1.13.0)
    unicode-display_width (3.2.0)
      unicode-emoji (~> 4.1)
    unicode-emoji (4.2.0)

PLATFORMS
  ruby
  x86_64-darwin-25

DEPENDENCIES
  benchmark
  low_event!
  low_loop!
  low_type!
  observers!
  ostruct
  pry
  pry-nav
  rack
  rack-test
  rake (~> 13.0)
  rspec (~> 3.0)
  rubocop

CHECKSUMS
  ast (2.4.3) sha256=954615157c1d6a382bc27d690d973195e79db7f55e9765ac7c481c60bdb4d383
  async (2.45.1) sha256=95849f7432eca535146c69f3078dab3c7228d0075ed71f48733f3e585dd7c267
  async-http (0.103.0) sha256=137e3d5d419f7d72d5fa33cf04f30232e79c57b690025a650b8f9e48ece8bc41
  async-pool (0.12.0) sha256=5580493dc024bd704dab2ed0bf1307100722e49cbb825c7965f8501194f58506
  benchmark (0.5.0) sha256=465df122341aedcb81a2a24b4d3bd19b6c67c1530713fd533f3ff034e419236c
  bundler (4.0.12) sha256=7f8b757d28dfb636e7b24fba2344ac6dd13b5b24f4b46d62573d483f211825ac
  coderay (1.1.3) sha256=dc530018a4684512f8f38143cd2a096c9f02a1fc2459edcfe534787a7fc77d4b
  console (1.37.0) sha256=8093b286c2595a063849c098594fee5155ecc7967d36f3aa8cbe7569c8f3efd7
  diff-lcs (1.6.2) sha256=9ae0d2cba7d4df3075fe8cd8602a8604993efc0dfa934cff568969efb1909962
  expressions (0.1.0) sha256=9fc860c824d4a62ba230fb6dc2676223641f3992a6ae66901bd95c7f37d42a31
  fiber-annotation (0.2.0) sha256=7abfadf1d119f508867d4103bf231c0354d019cc39a5738945dec2edadaf6c03
  fiber-local (1.1.0) sha256=c885f94f210fb9b05737de65d511136ea602e00c5105953748aa0f8793489f06
  fiber-storage (1.0.1) sha256=f48e5b6d8b0be96dac486332b55cee82240057065dc761c1ea692b2e719240e1
  io-endpoint (0.18.0) sha256=720d186bcd584e8ba490bfc91dab332cc3c5ffee848b5b03894555cb275151aa
  io-event (1.21.1) sha256=b3088f89ad67edf9be9fc2f48a5fae0790e92862487551eeb337b49098eb99e6
  io-stream (0.14.0) sha256=07d9b13ea2066ccbbc761fff8d69ad5a31e47561d31e02cc271f3ed9c1a8f1cd
  json (3.0.1) sha256=c80f74a3570c3a310cd41c526904e7ef8363abdece4432f31fe97d812bc4a39e
  language_server-protocol (3.17.0.6) sha256=5ef2c0c138f8267e1bc631d3328347d354f96724b0af22f2c79516120443b7f0
  lint_roller (1.1.0) sha256=2c0c845b632a7d172cb849cc90c1bce937a28c5c8ccccb50dfd46a485003cc87
  low_event (0.8.0)
  low_loop (0.8.0)
  low_type (1.3.2)
  lowkey (0.4.3) sha256=6607fa28cde96fc2322ff8c9893724f16bb71a78eb475b7883e5615c41c52c0d
  method_source (1.1.0) sha256=181301c9c45b731b4769bc81e8860e72f9161ad7d66dd99103c9ab84f560f5c5
  observers (0.9.0)
  openssl (4.0.2) sha256=1037ad2868ae58df9ad917891c0c0f9815a1172f6846d4bcdd508e4c2ee747c2
  ostruct (0.6.3) sha256=95a2ed4a4bd1d190784e666b47b2d3f078e4a9efda2fccf18f84ddc6538ed912
  paint (2.3.0) sha256=327d623e4038619d5bd99ae5db07973859cd78400c7f0329eea283cef8e83be5
  parallel (2.2.0) sha256=e1059c5fd7b649558a0aec38a769f06a42942bdb40503d005a59c352fe011cd8
  parser (3.3.12.0) sha256=21a6d7f755d5a24dfbdc6e6b772e4e879a52e7631a88bc5a3a134606052c9828
  prism (1.9.0) sha256=7b530c6a9f92c24300014919c9dcbc055bf4cdf51ec30aed099b06cd6674ef85
  protocol-hpack (1.5.1) sha256=6feca238b8078da1cd295677d6f306c6001af92d75fe0643d33e6956cbc3ad91
  protocol-http (0.71.0) sha256=38577bf3df0bf0c3f7ee7e21b43fcb4bd7624e36f697dbe9c3eea344f14bd9ba
  protocol-http1 (0.41.0) sha256=9863874a1228948a896c3e7ea16d13a680c8f3ed50706007c78b7033018b0ea3
  protocol-http2 (0.28.0) sha256=b7c6195dcfa80ec2484670e9fd8fc21024cc654a391aa0792433aff1188c1691
  protocol-url (0.19.0) sha256=3f6b9f6aa742a259a0b3610fbbd9685dcd9506adf6734f428ff96259faabfb21
  providers (0.6.2)
  pry (0.14.2) sha256=c4fe54efedaca1d351280b45b8849af363184696fcac1c72e0415f9bdac4334d
  pry-nav (1.0.0) sha256=616b57f84ca478e606f28b04bbc218dc32818885ddea86903c6fc58171a99354
  racc (1.8.1) sha256=4a7f6929691dbec8b5209a0b373bc2614882b55fc5d2e447a21aaa691303d62f
  rack (3.2.7) sha256=93e13e1c24f93556671d85d2d79fa228c3485815c50d7e2f265b5330c6528fb7
  rack-test (2.2.0) sha256=005a36692c306ac0b4a9350355ee080fd09ddef1148a5f8b2ac636c720f5c463
  rainbow (3.1.1) sha256=039491aa3a89f42efa1d6dec2fc4e62ede96eb6acd95e52f1ad581182b79bc6a
  rake (13.4.2) sha256=cb825b2bd5f1f8e91ca37bddb4b9aaf345551b4731da62949be002fa89283701
  regexp_parser (2.12.0) sha256=35a916a1d63190ab5c9009457136ae5f3c0c7512d60291d0d1378ba18ce08ebb
  rspec (3.13.2) sha256=206284a08ad798e61f86d7ca3e376718d52c0bc944626b2349266f239f820587
  rspec-core (3.13.6) sha256=a8823c6411667b60a8bca135364351dda34cd55e44ff94c4be4633b37d828b2d
  rspec-expectations (3.13.5) sha256=33a4d3a1d95060aea4c94e9f237030a8f9eae5615e9bd85718fe3a09e4b58836
  rspec-mocks (3.13.8) sha256=086ad3d3d17533f4237643de0b5c42f04b66348c28bf6b9c2d3f4a3b01af1d47
  rspec-support (3.13.7) sha256=0640e5570872aafefd79867901deeeeb40b0c9875a36b983d85f54fb7381c47c
  rubocop (1.90.0) sha256=9eb4c065b5c5154e4ef554c547972f3905a9eb6b53e657e580b6796b54bf8242
  rubocop-ast (1.50.0) sha256=b9ca88300da0803ee222ad20cdb30494c0a784eed06fdc35d254b06d662788db
  ruby-progressbar (1.13.0) sha256=80fc9c47a9b640d6834e0dc7b3c94c9df37f08cb072b7761e4a71e22cff29b33
  unicode-display_width (3.2.0) sha256=0cdd96b5681a5949cdbc2c55e7b420facae74c4aaf9a9815eee1087cb1853c42
  unicode-emoji (4.2.0) sha256=519e69150f75652e40bf736106cfbc8f0f73aa3fb6a65afe62fefa7f80b0f80f

BUNDLED WITH
  4.0.12
